
Microsoft Visual Studio Solution File, Format Version 12.00
# Visual Studio Version 17
VisualStudioVersion = 17.12.35707.178 d17.12
MinimumVisualStudioVersion = 10.0.40219.1
Project("{FAE04EC0-301F-11D3-BF4B-00C04F79EFBC}") = "Ecomarce.Server", "Ecomarce.Server\Ecomarce.Server.csproj", "{AEEE40DE-4A1D-4790-BE69-6F3E0BBB9274}"
EndProject
Project("{54A90642-561A-4BB1-A94E-469ADEE60C69}") = "ecomarce.client", "ecomarce.client\ecomarce.client.esproj", "{39857CC5-CEE4-49B8-A9C6-AF50386904AE}"
EndProject
Global
	GlobalSection(SolutionConfigurationPlatforms) = preSolution
		Debug|Any CPU = Debug|Any CPU
		Release|Any CPU = Release|Any CPU
	EndGlobalSection
	GlobalSection(ProjectConfigurationPlatforms) = postSolution
		{AEEE40DE-4A1D-4790-BE69-6F3E0BBB9274}.Debug|Any CPU.ActiveCfg = Debug|Any CPU
		{AEEE40DE-4A1D-4790-BE69-6F3E0BBB9274}.Debug|Any CPU.Build.0 = Debug|Any CPU
		{AEEE40DE-4A1D-4790-BE69-6F3E0BBB9274}.Release|Any CPU.ActiveCfg = Release|Any CPU
		{AEEE40DE-4A1D-4790-BE69-6F3E0BBB9274}.Release|Any CPU.Build.0 = Release|Any CPU
		{39857CC5-CEE4-49B8-A9C6-AF50386904AE}.Debug|Any CPU.ActiveCfg = Debug|Any CPU
		{39857CC5-CEE4-49B8-A9C6-AF50386904AE}.Debug|Any CPU.Build.0 = Debug|Any CPU
		{39857CC5-CEE4-49B8-A9C6-AF50386904AE}.Debug|Any CPU.Deploy.0 = Debug|Any CPU
		{39857CC5-CEE4-49B8-A9C6-AF50386904AE}.Release|Any CPU.ActiveCfg = Release|Any CPU
		{39857CC5-CEE4-49B8-A9C6-AF50386904AE}.Release|Any CPU.Build.0 = Release|Any CPU
		{39857CC5-CEE4-49B8-A9C6-AF50386904AE}.Release|Any CPU.Deploy.0 = Release|Any CPU
	EndGlobalSection
	GlobalSection(SolutionProperties) = preSolution
		HideSolutionNode = FALSE
	EndGlobalSection
EndGlobal
