
Microsoft Visual Studio Solution File, Format Version 12.00
# Visual Studio Version 17
VisualStudioVersion = 17.12.35707.178 d17.12
MinimumVisualStudioVersion = 10.0.40219.1
Project("{FAE04EC0-301F-11D3-BF4B-00C04F79EFBC}") = "Task6-profile.Server", "Task6-profile.Server\Task6-profile.Server.csproj", "{10C363FA-BD10-46D9-97CD-B63554CC73F4}"
EndProject
Project("{54A90642-561A-4BB1-A94E-469ADEE60C69}") = "task6-profile.client", "task6-profile.client\task6-profile.client.esproj", "{F3415441-A84F-4845-B5E1-9463D1A0DFFD}"
EndProject
Global
	GlobalSection(SolutionConfigurationPlatforms) = preSolution
		Debug|Any CPU = Debug|Any CPU
		Release|Any CPU = Release|Any CPU
	EndGlobalSection
	GlobalSection(ProjectConfigurationPlatforms) = postSolution
		{10C363FA-BD10-46D9-97CD-B63554CC73F4}.Debug|Any CPU.ActiveCfg = Debug|Any CPU
		{10C363FA-BD10-46D9-97CD-B63554CC73F4}.Debug|Any CPU.Build.0 = Debug|Any CPU
		{10C363FA-BD10-46D9-97CD-B63554CC73F4}.Release|Any CPU.ActiveCfg = Release|Any CPU
		{10C363FA-BD10-46D9-97CD-B63554CC73F4}.Release|Any CPU.Build.0 = Release|Any CPU
		{F3415441-A84F-4845-B5E1-9463D1A0DFFD}.Debug|Any CPU.ActiveCfg = Debug|Any CPU
		{F3415441-A84F-4845-B5E1-9463D1A0DFFD}.Debug|Any CPU.Build.0 = Debug|Any CPU
		{F3415441-A84F-4845-B5E1-9463D1A0DFFD}.Debug|Any CPU.Deploy.0 = Debug|Any CPU
		{F3415441-A84F-4845-B5E1-9463D1A0DFFD}.Release|Any CPU.ActiveCfg = Release|Any CPU
		{F3415441-A84F-4845-B5E1-9463D1A0DFFD}.Release|Any CPU.Build.0 = Release|Any CPU
		{F3415441-A84F-4845-B5E1-9463D1A0DFFD}.Release|Any CPU.Deploy.0 = Release|Any CPU
	EndGlobalSection
	GlobalSection(SolutionProperties) = preSolution
		HideSolutionNode = FALSE
	EndGlobalSection
EndGlobal
